
Microsoft Visual Studio Solution File, Format Version 12.00
# Visual Studio Version 17
VisualStudioVersion = 17.14.37111.16 d17.14
MinimumVisualStudioVersion = 10.0.40219.1
Project("{2150E333-8FDC-42A3-9474-1A3956D46DE8}") = "Task0", "Task0", "{02EA681E-C7D8-13C7-8484-4AC65E1B71E8}"
EndProject
Project("{FAE04EC0-301F-11D3-BF4B-00C04F79EFBC}") = "Tyuiu.MautalievSI.Sprint4.Task0.V1", "Tyuiu.MautalievSI.Sprint4.Task0.V1\Tyuiu.MautalievSI.Sprint4.Task0.V1.csproj", "{1BD6A4D0-48A4-4E8A-820F-0AEAE810B06C}"
EndProject
Project("{FAE04EC0-301F-11D3-BF4B-00C04F79EFBC}") = "Tyuiu.MautalievSI.Sprint4.Task0.V1.Lib", "Tyuiu.MautalievSI.Sprint4.Task0.V1.Lib\Tyuiu.MautalievSI.Sprint4.Task0.V1.Lib.csproj", "{54BBA437-6BB2-4C75-AFD0-8AE3FE331922}"
EndProject
Project("{FAE04EC0-301F-11D3-BF4B-00C04F79EFBC}") = "Tyuiu.MautalievSI.Sprint4.Task0.V1.Test", "Tyuiu.MautalievSI.Sprint4.Task0.V1.Test\Tyuiu.MautalievSI.Sprint4.Task0.V1.Test.csproj", "{A810E315-25C9-4FAB-9343-2C71DE042F1F}"
EndProject
Global
	GlobalSection(SolutionConfigurationPlatforms) = preSolution
		Debug|Any CPU = Debug|Any CPU
		Release|Any CPU = Release|Any CPU
	EndGlobalSection
	GlobalSection(ProjectConfigurationPlatforms) = postSolution
		{1BD6A4D0-48A4-4E8A-820F-0AEAE810B06C}.Debug|Any CPU.ActiveCfg = Debug|Any CPU
		{1BD6A4D0-48A4-4E8A-820F-0AEAE810B06C}.Debug|Any CPU.Build.0 = Debug|Any CPU
		{1BD6A4D0-48A4-4E8A-820F-0AEAE810B06C}.Release|Any CPU.ActiveCfg = Release|Any CPU
		{1BD6A4D0-48A4-4E8A-820F-0AEAE810B06C}.Release|Any CPU.Build.0 = Release|Any CPU
		{54BBA437-6BB2-4C75-AFD0-8AE3FE331922}.Debug|Any CPU.ActiveCfg = Debug|Any CPU
		{54BBA437-6BB2-4C75-AFD0-8AE3FE331922}.Debug|Any CPU.Build.0 = Debug|Any CPU
		{54BBA437-6BB2-4C75-AFD0-8AE3FE331922}.Release|Any CPU.ActiveCfg = Release|Any CPU
		{54BBA437-6BB2-4C75-AFD0-8AE3FE331922}.Release|Any CPU.Build.0 = Release|Any CPU
		{A810E315-25C9-4FAB-9343-2C71DE042F1F}.Debug|Any CPU.ActiveCfg = Debug|Any CPU
		{A810E315-25C9-4FAB-9343-2C71DE042F1F}.Debug|Any CPU.Build.0 = Debug|Any CPU
		{A810E315-25C9-4FAB-9343-2C71DE042F1F}.Release|Any CPU.ActiveCfg = Release|Any CPU
		{A810E315-25C9-4FAB-9343-2C71DE042F1F}.Release|Any CPU.Build.0 = Release|Any CPU
	EndGlobalSection
	GlobalSection(SolutionProperties) = preSolution
		HideSolutionNode = FALSE
	EndGlobalSection
	GlobalSection(NestedProjects) = preSolution
		{1BD6A4D0-48A4-4E8A-820F-0AEAE810B06C} = {02EA681E-C7D8-13C7-8484-4AC65E1B71E8}
		{54BBA437-6BB2-4C75-AFD0-8AE3FE331922} = {02EA681E-C7D8-13C7-8484-4AC65E1B71E8}
		{A810E315-25C9-4FAB-9343-2C71DE042F1F} = {02EA681E-C7D8-13C7-8484-4AC65E1B71E8}
	EndGlobalSection
	GlobalSection(ExtensibilityGlobals) = postSolution
		SolutionGuid = {616206A9-F177-4025-9D93-3FEBD683D16A}
	EndGlobalSection
EndGlobal
