
Microsoft Visual Studio Solution File, Format Version 12.00
# Visual Studio Version 17
VisualStudioVersion = 17.14.37111.16 d17.14
MinimumVisualStudioVersion = 10.0.40219.1
Project("{2150E333-8FDC-42A3-9474-1A3956D46DE8}") = "Task0", "Task0", "{02EA681E-C7D8-13C7-8484-4AC65E1B71E8}"
EndProject
Project("{FAE04EC0-301F-11D3-BF4B-00C04F79EFBC}") = "Tyuiu.MautalievSI.Sprint4.Task0.V1", "Tyuiu.MautalievSI.Sprint4.Task0.V1\Tyuiu.MautalievSI.Sprint4.Task0.V1.csproj", "{1BD6A4D0-48A4-4E8A-820F-0AEAE810B06C}"
EndProject
Project("{FAE04EC0-301F-11D3-BF4B-00C04F79EFBC}") = "Tyuiu.MautalievSI.Sprint4.Task0.V1.Lib", "Tyuiu.MautalievSI.Sprint4.Task0.V1.Lib\Tyuiu.MautalievSI.Sprint4.Task0.V1.Lib.csproj", "{54BBA437-6BB2-4C75-AFD0-8AE3FE331922}"
EndProject
Project("{FAE04EC0-301F-11D3-BF4B-00C04F79EFBC}") = "Tyuiu.MautalievSI.Sprint4.Task0.V1.Test", "Tyuiu.MautalievSI.Sprint4.Task0.V1.Test\Tyuiu.MautalievSI.Sprint4.Task0.V1.Test.csproj", "{A810E315-25C9-4FAB-9343-2C71DE042F1F}"
EndProject
Project("{2150E333-8FDC-42A3-9474-1A3956D46DE8}") = "Help", "Help", "{68F46412-CBFF-4385-ACB8-C1EB32B6085F}"
EndProject
Project("{FAE04EC0-301F-11D3-BF4B-00C04F79EFBC}") = "ConsoleApp1", "ConsoleApp1\ConsoleApp1.csproj", "{70D6231A-3186-4579-94F2-59849472F207}"
EndProject
Project("{2150E333-8FDC-42A3-9474-1A3956D46DE8}") = "Task1", "Task1", "{E18B8527-9981-48A1-9EDD-391FB15D7685}"
EndProject
Project("{FAE04EC0-301F-11D3-BF4B-00C04F79EFBC}") = "Tyuiu.MautalievSI.Sprint4.Task1.V29", "Tyuiu.MautalievSI.Sprint4.Task1.V29\Tyuiu.MautalievSI.Sprint4.Task1.V29.csproj", "{EA239B12-3501-4EC9-B7D2-CCF5E2C5EE79}"
EndProject
Project("{FAE04EC0-301F-11D3-BF4B-00C04F79EFBC}") = "Tyuiu.MautalievSI.Sprint4.Task1.V29.Lib", "Tyuiu.MautalievSI.Sprint4.Task1.V29.Lib\Tyuiu.MautalievSI.Sprint4.Task1.V29.Lib.csproj", "{BA5F205F-484E-4CF7-8957-38579F85D7E5}"
EndProject
Project("{FAE04EC0-301F-11D3-BF4B-00C04F79EFBC}") = "Tyuiu.MautalievSI.Sprint4.Task1.V29.Test", "Tyuiu.MautalievSI.Sprint4.Task1.V29.Test\Tyuiu.MautalievSI.Sprint4.Task1.V29.Test.csproj", "{A7DE6CB8-E04A-4C36-BA8D-AEB0983D7AA7}"
EndProject
Project("{2150E333-8FDC-42A3-9474-1A3956D46DE8}") = "Task2", "Task2", "{06DFAE0B-B4E9-4646-BC37-7CAE37711492}"
EndProject
Project("{FAE04EC0-301F-11D3-BF4B-00C04F79EFBC}") = "Tyuiu.MautalievSI.Sprint4.Task2.V19", "Tyuiu.MautalievSI.Sprint4.Task2.V19\Tyuiu.MautalievSI.Sprint4.Task2.V19.csproj", "{6F1FC52E-03A6-4CBF-AA42-4BFBABF891D6}"
EndProject
Project("{FAE04EC0-301F-11D3-BF4B-00C04F79EFBC}") = "Tyuiu.MautalievSI.Sprint4.Task2.V19.Lib", "Tyuiu.MautalievSI.Sprint4.Task2.V19.Lib\Tyuiu.MautalievSI.Sprint4.Task2.V19.Lib.csproj", "{F0F05D58-C634-48B5-82AF-658BF2CF7FD3}"
EndProject
Project("{FAE04EC0-301F-11D3-BF4B-00C04F79EFBC}") = "Tyuiu.MautalievSI.Sprint4.Task2.V19.Test", "Tyuiu.MautalievSI.Sprint4.Task2.V19.Test\Tyuiu.MautalievSI.Sprint4.Task2.V19.Test.csproj", "{0A897DA6-B445-4EF5-BAFF-D206D6156A2B}"
EndProject
Project("{2150E333-8FDC-42A3-9474-1A3956D46DE8}") = "Task3", "Task3", "{B44BB4EE-B4B4-4E13-A3EE-F722C5F89743}"
EndProject
Project("{FAE04EC0-301F-11D3-BF4B-00C04F79EFBC}") = "Tyuiu.MautalievSI.Sprint4.Task3.V27", "Tyuiu.MautalievSI.Sprint4.Task3.V27\Tyuiu.MautalievSI.Sprint4.Task3.V27.csproj", "{34F52E23-3D3F-46E7-9269-F2E2859BAA52}"
EndProject
Project("{FAE04EC0-301F-11D3-BF4B-00C04F79EFBC}") = "Tyuiu.MautalievSI.Sprint4.Task3.V27.Lib", "Tyuiu.MautalievSI.Sprint4.Task3.V27.Lib\Tyuiu.MautalievSI.Sprint4.Task3.V27.Lib.csproj", "{5BD0598C-D026-470C-9B1B-83D96BEAA779}"
EndProject
Project("{FAE04EC0-301F-11D3-BF4B-00C04F79EFBC}") = "Tyuiu.MautalievSI.Sprint4.Task3.V27.Test", "Tyuiu.MautalievSI.Sprint4.Task3.V27.Test\Tyuiu.MautalievSI.Sprint4.Task3.V27.Test.csproj", "{3819EAE1-7BF6-4A23-A9DC-3672168F4911}"
EndProject
Project("{2150E333-8FDC-42A3-9474-1A3956D46DE8}") = "Task4", "Task4", "{717B2BA3-6E7D-4452-BD91-522DF26B68FD}"
EndProject
Project("{FAE04EC0-301F-11D3-BF4B-00C04F79EFBC}") = "Tyuiu.MautalievSI.Sprint4.Task4.V7", "Tyuiu.MautalievSI.Sprint4.Task4.V7\Tyuiu.MautalievSI.Sprint4.Task4.V7.csproj", "{848CC0CF-475A-40BF-9765-A5A8C1B671FD}"
EndProject
Project("{FAE04EC0-301F-11D3-BF4B-00C04F79EFBC}") = "Tyuiu.MautalievSI.Sprint4.Task4.V7.Lib", "Tyuiu.MautalievSI.Sprint4.Task4.V7.Lib\Tyuiu.MautalievSI.Sprint4.Task4.V7.Lib.csproj", "{B7D39069-1CE4-4AFA-B273-27FAD2BCE8A4}"
EndProject
Project("{FAE04EC0-301F-11D3-BF4B-00C04F79EFBC}") = "Tyuiu.MautalievSI.Sprint4.Task4.V7.Test", "Tyuiu.MautalievSI.Sprint4.Task4.V7.Test\Tyuiu.MautalievSI.Sprint4.Task4.V7.Test.csproj", "{AE806D0C-B11A-4856-A84C-D2E50611CEE3}"
EndProject
Project("{2150E333-8FDC-42A3-9474-1A3956D46DE8}") = "Task5", "Task5", "{21B0A373-229B-44E8-8DC6-2D547EF55CAD}"
EndProject
Project("{FAE04EC0-301F-11D3-BF4B-00C04F79EFBC}") = "Tyuiu.MautalievSI.Sprint4.Task5.V23", "Tyuiu.MautalievSI.Sprint4.Task5.V23\Tyuiu.MautalievSI.Sprint4.Task5.V23.csproj", "{2D1B7E58-0D92-4DE9-9252-DF664BE4EC45}"
EndProject
Project("{FAE04EC0-301F-11D3-BF4B-00C04F79EFBC}") = "Tyuiu.MautalievSI.Sprint4.Task5.V23.Lib", "Tyuiu.MautalievSI.Sprint4.Task5.V23.Lib\Tyuiu.MautalievSI.Sprint4.Task5.V23.Lib.csproj", "{4493593A-9B3A-42F7-BA75-7D092ACBAAAC}"
EndProject
Project("{FAE04EC0-301F-11D3-BF4B-00C04F79EFBC}") = "Tyuiu.MautalievSI.Sprint4.Task5.V23.Test", "Tyuiu.MautalievSI.Sprint4.Task5.V23.Test\Tyuiu.MautalievSI.Sprint4.Task5.V23.Test.csproj", "{29BEFB5E-D34E-44BD-B6B6-EA7735AD7ECC}"
EndProject
Project("{2150E333-8FDC-42A3-9474-1A3956D46DE8}") = "Task6", "Task6", "{9CCAC444-FF07-4B4C-B514-251FA2EB315C}"
EndProject
Project("{FAE04EC0-301F-11D3-BF4B-00C04F79EFBC}") = "Tyuiu.MautalievSI.Sprint4.Task6.V5", "Tyuiu.MautalievSI.Sprint4.Task6.V5\Tyuiu.MautalievSI.Sprint4.Task6.V5.csproj", "{CFE19518-8FDC-421C-9751-19E759286E26}"
EndProject
Project("{FAE04EC0-301F-11D3-BF4B-00C04F79EFBC}") = "Tyuiu.MautalievSI.Sprint4.Task6.V5.Lib", "Tyuiu.MautalievSI.Sprint4.Task6.V5.Lib\Tyuiu.MautalievSI.Sprint4.Task6.V5.Lib.csproj", "{AA7C6445-4DE3-4723-B41B-D4A4CDB5C16E}"
EndProject
Project("{FAE04EC0-301F-11D3-BF4B-00C04F79EFBC}") = "Tyuiu.MautalievSI.Sprint4.Task6.V5.Test", "Tyuiu.MautalievSI.Sprint4.Task6.V5.Test\Tyuiu.MautalievSI.Sprint4.Task6.V5.Test.csproj", "{CE8429C3-18DD-4B12-B75D-389954B40BE1}"
EndProject
Project("{2150E333-8FDC-42A3-9474-1A3956D46DE8}") = "Task7", "Task7", "{D9381B0E-5FEA-4938-A79C-C643748765B0}"
EndProject
Project("{FAE04EC0-301F-11D3-BF4B-00C04F79EFBC}") = "Tyuiu.MautalievSI.Sprint4.Task7.V25", "Tyuiu.MautalievSI.Sprint4.Task7.V25\Tyuiu.MautalievSI.Sprint4.Task7.V25.csproj", "{1BD94C7B-88D6-4A81-9768-F90594EFD7F2}"
EndProject
Project("{FAE04EC0-301F-11D3-BF4B-00C04F79EFBC}") = "Tyuiu.MautalievSI.Sprint4.Task7.V25.Lib", "Tyuiu.MautalievSI.Sprint4.Task7.V25.Lib\Tyuiu.MautalievSI.Sprint4.Task7.V25.Lib.csproj", "{9436C3BF-B59A-42AC-B9A4-072428C04DB1}"
EndProject
Project("{FAE04EC0-301F-11D3-BF4B-00C04F79EFBC}") = "Tyuiu.MautalievSI.Sprint4.Task7.V25.Test", "Tyuiu.MautalievSI.Sprint4.Task7.V25.Test\Tyuiu.MautalievSI.Sprint4.Task7.V25.Test.csproj", "{4D8F92CF-E3B9-4352-B4E5-B5F1901BB453}"
EndProject
Global
	GlobalSection(SolutionConfigurationPlatforms) = preSolution
		Debug|Any CPU = Debug|Any CPU
		Release|Any CPU = Release|Any CPU
	EndGlobalSection
	GlobalSection(ProjectConfigurationPlatforms) = postSolution
		{1BD6A4D0-48A4-4E8A-820F-0AEAE810B06C}.Debug|Any CPU.ActiveCfg = Debug|Any CPU
		{1BD6A4D0-48A4-4E8A-820F-0AEAE810B06C}.Debug|Any CPU.Build.0 = Debug|Any CPU
		{1BD6A4D0-48A4-4E8A-820F-0AEAE810B06C}.Release|Any CPU.ActiveCfg = Release|Any CPU
		{1BD6A4D0-48A4-4E8A-820F-0AEAE810B06C}.Release|Any CPU.Build.0 = Release|Any CPU
		{54BBA437-6BB2-4C75-AFD0-8AE3FE331922}.Debug|Any CPU.ActiveCfg = Debug|Any CPU
		{54BBA437-6BB2-4C75-AFD0-8AE3FE331922}.Debug|Any CPU.Build.0 = Debug|Any CPU
		{54BBA437-6BB2-4C75-AFD0-8AE3FE331922}.Release|Any CPU.ActiveCfg = Release|Any CPU
		{54BBA437-6BB2-4C75-AFD0-8AE3FE331922}.Release|Any CPU.Build.0 = Release|Any CPU
		{A810E315-25C9-4FAB-9343-2C71DE042F1F}.Debug|Any CPU.ActiveCfg = Debug|Any CPU
		{A810E315-25C9-4FAB-9343-2C71DE042F1F}.Debug|Any CPU.Build.0 = Debug|Any CPU
		{A810E315-25C9-4FAB-9343-2C71DE042F1F}.Release|Any CPU.ActiveCfg = Release|Any CPU
		{A810E315-25C9-4FAB-9343-2C71DE042F1F}.Release|Any CPU.Build.0 = Release|Any CPU
		{70D6231A-3186-4579-94F2-59849472F207}.Debug|Any CPU.ActiveCfg = Debug|Any CPU
		{70D6231A-3186-4579-94F2-59849472F207}.Debug|Any CPU.Build.0 = Debug|Any CPU
		{70D6231A-3186-4579-94F2-59849472F207}.Release|Any CPU.ActiveCfg = Release|Any CPU
		{70D6231A-3186-4579-94F2-59849472F207}.Release|Any CPU.Build.0 = Release|Any CPU
		{EA239B12-3501-4EC9-B7D2-CCF5E2C5EE79}.Debug|Any CPU.ActiveCfg = Debug|Any CPU
		{EA239B12-3501-4EC9-B7D2-CCF5E2C5EE79}.Debug|Any CPU.Build.0 = Debug|Any CPU
		{EA239B12-3501-4EC9-B7D2-CCF5E2C5EE79}.Release|Any CPU.ActiveCfg = Release|Any CPU
		{EA239B12-3501-4EC9-B7D2-CCF5E2C5EE79}.Release|Any CPU.Build.0 = Release|Any CPU
		{BA5F205F-484E-4CF7-8957-38579F85D7E5}.Debug|Any CPU.ActiveCfg = Debug|Any CPU
		{BA5F205F-484E-4CF7-8957-38579F85D7E5}.Debug|Any CPU.Build.0 = Debug|Any CPU
		{BA5F205F-484E-4CF7-8957-38579F85D7E5}.Release|Any CPU.ActiveCfg = Release|Any CPU
		{BA5F205F-484E-4CF7-8957-38579F85D7E5}.Release|Any CPU.Build.0 = Release|Any CPU
		{A7DE6CB8-E04A-4C36-BA8D-AEB0983D7AA7}.Debug|Any CPU.ActiveCfg = Debug|Any CPU
		{A7DE6CB8-E04A-4C36-BA8D-AEB0983D7AA7}.Debug|Any CPU.Build.0 = Debug|Any CPU
		{A7DE6CB8-E04A-4C36-BA8D-AEB0983D7AA7}.Release|Any CPU.ActiveCfg = Release|Any CPU
		{A7DE6CB8-E04A-4C36-BA8D-AEB0983D7AA7}.Release|Any CPU.Build.0 = Release|Any CPU
		{6F1FC52E-03A6-4CBF-AA42-4BFBABF891D6}.Debug|Any CPU.ActiveCfg = Debug|Any CPU
		{6F1FC52E-03A6-4CBF-AA42-4BFBABF891D6}.Debug|Any CPU.Build.0 = Debug|Any CPU
		{6F1FC52E-03A6-4CBF-AA42-4BFBABF891D6}.Release|Any CPU.ActiveCfg = Release|Any CPU
		{6F1FC52E-03A6-4CBF-AA42-4BFBABF891D6}.Release|Any CPU.Build.0 = Release|Any CPU
		{F0F05D58-C634-48B5-82AF-658BF2CF7FD3}.Debug|Any CPU.ActiveCfg = Debug|Any CPU
		{F0F05D58-C634-48B5-82AF-658BF2CF7FD3}.Debug|Any CPU.Build.0 = Debug|Any CPU
		{F0F05D58-C634-48B5-82AF-658BF2CF7FD3}.Release|Any CPU.ActiveCfg = Release|Any CPU
		{F0F05D58-C634-48B5-82AF-658BF2CF7FD3}.Release|Any CPU.Build.0 = Release|Any CPU
		{0A897DA6-B445-4EF5-BAFF-D206D6156A2B}.Debug|Any CPU.ActiveCfg = Debug|Any CPU
		{0A897DA6-B445-4EF5-BAFF-D206D6156A2B}.Debug|Any CPU.Build.0 = Debug|Any CPU
		{0A897DA6-B445-4EF5-BAFF-D206D6156A2B}.Release|Any CPU.ActiveCfg = Release|Any CPU
		{0A897DA6-B445-4EF5-BAFF-D206D6156A2B}.Release|Any CPU.Build.0 = Release|Any CPU
		{34F52E23-3D3F-46E7-9269-F2E2859BAA52}.Debug|Any CPU.ActiveCfg = Debug|Any CPU
		{34F52E23-3D3F-46E7-9269-F2E2859BAA52}.Debug|Any CPU.Build.0 = Debug|Any CPU
		{34F52E23-3D3F-46E7-9269-F2E2859BAA52}.Release|Any CPU.ActiveCfg = Release|Any CPU
		{34F52E23-3D3F-46E7-9269-F2E2859BAA52}.Release|Any CPU.Build.0 = Release|Any CPU
		{5BD0598C-D026-470C-9B1B-83D96BEAA779}.Debug|Any CPU.ActiveCfg = Debug|Any CPU
		{5BD0598C-D026-470C-9B1B-83D96BEAA779}.Debug|Any CPU.Build.0 = Debug|Any CPU
		{5BD0598C-D026-470C-9B1B-83D96BEAA779}.Release|Any CPU.ActiveCfg = Release|Any CPU
		{5BD0598C-D026-470C-9B1B-83D96BEAA779}.Release|Any CPU.Build.0 = Release|Any CPU
		{3819EAE1-7BF6-4A23-A9DC-3672168F4911}.Debug|Any CPU.ActiveCfg = Debug|Any CPU
		{3819EAE1-7BF6-4A23-A9DC-3672168F4911}.Debug|Any CPU.Build.0 = Debug|Any CPU
		{3819EAE1-7BF6-4A23-A9DC-3672168F4911}.Release|Any CPU.ActiveCfg = Release|Any CPU
		{3819EAE1-7BF6-4A23-A9DC-3672168F4911}.Release|Any CPU.Build.0 = Release|Any CPU
		{848CC0CF-475A-40BF-9765-A5A8C1B671FD}.Debug|Any CPU.ActiveCfg = Debug|Any CPU
		{848CC0CF-475A-40BF-9765-A5A8C1B671FD}.Debug|Any CPU.Build.0 = Debug|Any CPU
		{848CC0CF-475A-40BF-9765-A5A8C1B671FD}.Release|Any CPU.ActiveCfg = Release|Any CPU
		{848CC0CF-475A-40BF-9765-A5A8C1B671FD}.Release|Any CPU.Build.0 = Release|Any CPU
		{B7D39069-1CE4-4AFA-B273-27FAD2BCE8A4}.Debug|Any CPU.ActiveCfg = Debug|Any CPU
		{B7D39069-1CE4-4AFA-B273-27FAD2BCE8A4}.Debug|Any CPU.Build.0 = Debug|Any CPU
		{B7D39069-1CE4-4AFA-B273-27FAD2BCE8A4}.Release|Any CPU.ActiveCfg = Release|Any CPU
		{B7D39069-1CE4-4AFA-B273-27FAD2BCE8A4}.Release|Any CPU.Build.0 = Release|Any CPU
		{AE806D0C-B11A-4856-A84C-D2E50611CEE3}.Debug|Any CPU.ActiveCfg = Debug|Any CPU
		{AE806D0C-B11A-4856-A84C-D2E50611CEE3}.Debug|Any CPU.Build.0 = Debug|Any CPU
		{AE806D0C-B11A-4856-A84C-D2E50611CEE3}.Release|Any CPU.ActiveCfg = Release|Any CPU
		{AE806D0C-B11A-4856-A84C-D2E50611CEE3}.Release|Any CPU.Build.0 = Release|Any CPU
		{2D1B7E58-0D92-4DE9-9252-DF664BE4EC45}.Debug|Any CPU.ActiveCfg = Debug|Any CPU
		{2D1B7E58-0D92-4DE9-9252-DF664BE4EC45}.Debug|Any CPU.Build.0 = Debug|Any CPU
		{2D1B7E58-0D92-4DE9-9252-DF664BE4EC45}.Release|Any CPU.ActiveCfg = Release|Any CPU
		{2D1B7E58-0D92-4DE9-9252-DF664BE4EC45}.Release|Any CPU.Build.0 = Release|Any CPU
		{4493593A-9B3A-42F7-BA75-7D092ACBAAAC}.Debug|Any CPU.ActiveCfg = Debug|Any CPU
		{4493593A-9B3A-42F7-BA75-7D092ACBAAAC}.Debug|Any CPU.Build.0 = Debug|Any CPU
		{4493593A-9B3A-42F7-BA75-7D092ACBAAAC}.Release|Any CPU.ActiveCfg = Release|Any CPU
		{4493593A-9B3A-42F7-BA75-7D092ACBAAAC}.Release|Any CPU.Build.0 = Release|Any CPU
		{29BEFB5E-D34E-44BD-B6B6-EA7735AD7ECC}.Debug|Any CPU.ActiveCfg = Debug|Any CPU
		{29BEFB5E-D34E-44BD-B6B6-EA7735AD7ECC}.Debug|Any CPU.Build.0 = Debug|Any CPU
		{29BEFB5E-D34E-44BD-B6B6-EA7735AD7ECC}.Release|Any CPU.ActiveCfg = Release|Any CPU
		{29BEFB5E-D34E-44BD-B6B6-EA7735AD7ECC}.Release|Any CPU.Build.0 = Release|Any CPU
		{CFE19518-8FDC-421C-9751-19E759286E26}.Debug|Any CPU.ActiveCfg = Debug|Any CPU
		{CFE19518-8FDC-421C-9751-19E759286E26}.Debug|Any CPU.Build.0 = Debug|Any CPU
		{CFE19518-8FDC-421C-9751-19E759286E26}.Release|Any CPU.ActiveCfg = Release|Any CPU
		{CFE19518-8FDC-421C-9751-19E759286E26}.Release|Any CPU.Build.0 = Release|Any CPU
		{AA7C6445-4DE3-4723-B41B-D4A4CDB5C16E}.Debug|Any CPU.ActiveCfg = Debug|Any CPU
		{AA7C6445-4DE3-4723-B41B-D4A4CDB5C16E}.Debug|Any CPU.Build.0 = Debug|Any CPU
		{AA7C6445-4DE3-4723-B41B-D4A4CDB5C16E}.Release|Any CPU.ActiveCfg = Release|Any CPU
		{AA7C6445-4DE3-4723-B41B-D4A4CDB5C16E}.Release|Any CPU.Build.0 = Release|Any CPU
		{CE8429C3-18DD-4B12-B75D-389954B40BE1}.Debug|Any CPU.ActiveCfg = Debug|Any CPU
		{CE8429C3-18DD-4B12-B75D-389954B40BE1}.Debug|Any CPU.Build.0 = Debug|Any CPU
		{CE8429C3-18DD-4B12-B75D-389954B40BE1}.Release|Any CPU.ActiveCfg = Release|Any CPU
		{CE8429C3-18DD-4B12-B75D-389954B40BE1}.Release|Any CPU.Build.0 = Release|Any CPU
		{1BD94C7B-88D6-4A81-9768-F90594EFD7F2}.Debug|Any CPU.ActiveCfg = Debug|Any CPU
		{1BD94C7B-88D6-4A81-9768-F90594EFD7F2}.Debug|Any CPU.Build.0 = Debug|Any CPU
		{1BD94C7B-88D6-4A81-9768-F90594EFD7F2}.Release|Any CPU.ActiveCfg = Release|Any CPU
		{1BD94C7B-88D6-4A81-9768-F90594EFD7F2}.Release|Any CPU.Build.0 = Release|Any CPU
		{9436C3BF-B59A-42AC-B9A4-072428C04DB1}.Debug|Any CPU.ActiveCfg = Debug|Any CPU
		{9436C3BF-B59A-42AC-B9A4-072428C04DB1}.Debug|Any CPU.Build.0 = Debug|Any CPU
		{9436C3BF-B59A-42AC-B9A4-072428C04DB1}.Release|Any CPU.ActiveCfg = Release|Any CPU
		{9436C3BF-B59A-42AC-B9A4-072428C04DB1}.Release|Any CPU.Build.0 = Release|Any CPU
		{4D8F92CF-E3B9-4352-B4E5-B5F1901BB453}.Debug|Any CPU.ActiveCfg = Debug|Any CPU
		{4D8F92CF-E3B9-4352-B4E5-B5F1901BB453}.Debug|Any CPU.Build.0 = Debug|Any CPU
		{4D8F92CF-E3B9-4352-B4E5-B5F1901BB453}.Release|Any CPU.ActiveCfg = Release|Any CPU
		{4D8F92CF-E3B9-4352-B4E5-B5F1901BB453}.Release|Any CPU.Build.0 = Release|Any CPU
	EndGlobalSection
	GlobalSection(SolutionProperties) = preSolution
		HideSolutionNode = FALSE
	EndGlobalSection
	GlobalSection(NestedProjects) = preSolution
		{1BD6A4D0-48A4-4E8A-820F-0AEAE810B06C} = {02EA681E-C7D8-13C7-8484-4AC65E1B71E8}
		{54BBA437-6BB2-4C75-AFD0-8AE3FE331922} = {02EA681E-C7D8-13C7-8484-4AC65E1B71E8}
		{A810E315-25C9-4FAB-9343-2C71DE042F1F} = {02EA681E-C7D8-13C7-8484-4AC65E1B71E8}
		{70D6231A-3186-4579-94F2-59849472F207} = {68F46412-CBFF-4385-ACB8-C1EB32B6085F}
		{EA239B12-3501-4EC9-B7D2-CCF5E2C5EE79} = {E18B8527-9981-48A1-9EDD-391FB15D7685}
		{BA5F205F-484E-4CF7-8957-38579F85D7E5} = {E18B8527-9981-48A1-9EDD-391FB15D7685}
		{A7DE6CB8-E04A-4C36-BA8D-AEB0983D7AA7} = {E18B8527-9981-48A1-9EDD-391FB15D7685}
		{6F1FC52E-03A6-4CBF-AA42-4BFBABF891D6} = {06DFAE0B-B4E9-4646-BC37-7CAE37711492}
		{F0F05D58-C634-48B5-82AF-658BF2CF7FD3} = {06DFAE0B-B4E9-4646-BC37-7CAE37711492}
		{0A897DA6-B445-4EF5-BAFF-D206D6156A2B} = {06DFAE0B-B4E9-4646-BC37-7CAE37711492}
		{34F52E23-3D3F-46E7-9269-F2E2859BAA52} = {B44BB4EE-B4B4-4E13-A3EE-F722C5F89743}
		{5BD0598C-D026-470C-9B1B-83D96BEAA779} = {B44BB4EE-B4B4-4E13-A3EE-F722C5F89743}
		{3819EAE1-7BF6-4A23-A9DC-3672168F4911} = {B44BB4EE-B4B4-4E13-A3EE-F722C5F89743}
		{848CC0CF-475A-40BF-9765-A5A8C1B671FD} = {717B2BA3-6E7D-4452-BD91-522DF26B68FD}
		{B7D39069-1CE4-4AFA-B273-27FAD2BCE8A4} = {717B2BA3-6E7D-4452-BD91-522DF26B68FD}
		{AE806D0C-B11A-4856-A84C-D2E50611CEE3} = {717B2BA3-6E7D-4452-BD91-522DF26B68FD}
		{2D1B7E58-0D92-4DE9-9252-DF664BE4EC45} = {21B0A373-229B-44E8-8DC6-2D547EF55CAD}
		{4493593A-9B3A-42F7-BA75-7D092ACBAAAC} = {21B0A373-229B-44E8-8DC6-2D547EF55CAD}
		{29BEFB5E-D34E-44BD-B6B6-EA7735AD7ECC} = {21B0A373-229B-44E8-8DC6-2D547EF55CAD}
		{CFE19518-8FDC-421C-9751-19E759286E26} = {9CCAC444-FF07-4B4C-B514-251FA2EB315C}
		{AA7C6445-4DE3-4723-B41B-D4A4CDB5C16E} = {9CCAC444-FF07-4B4C-B514-251FA2EB315C}
		{CE8429C3-18DD-4B12-B75D-389954B40BE1} = {9CCAC444-FF07-4B4C-B514-251FA2EB315C}
		{1BD94C7B-88D6-4A81-9768-F90594EFD7F2} = {D9381B0E-5FEA-4938-A79C-C643748765B0}
		{9436C3BF-B59A-42AC-B9A4-072428C04DB1} = {D9381B0E-5FEA-4938-A79C-C643748765B0}
		{4D8F92CF-E3B9-4352-B4E5-B5F1901BB453} = {D9381B0E-5FEA-4938-A79C-C643748765B0}
	EndGlobalSection
	GlobalSection(ExtensibilityGlobals) = postSolution
		SolutionGuid = {616206A9-F177-4025-9D93-3FEBD683D16A}
	EndGlobalSection
EndGlobal
